PODS:
  - Flutter (1.0.0)
  - flutter_dynamic_icon_plus (1.0.0):
    - Flutter
  - flutter_foreground_task (0.0.1):
    - Flutter
  - flutter_secure_storage (6.0.0):
    - Flutter
  - open_filex (0.0.2):
    - Flutter
  - permission_handler_apple (9.3.0):
    - Flutter
  - SwiftTryCatch (1.0.0)

DEPENDENCIES:
  - Flutter (from `Flutter`)
  - flutter_dynamic_icon_plus (from `.symlinks/plugins/flutter_dynamic_icon_plus/ios`)
  - flutter_foreground_task (from `.symlinks/plugins/flutter_foreground_task/ios`)
  - flutter_secure_storage (from `.symlinks/plugins/flutter_secure_storage/ios`)
  - open_filex (from `.symlinks/plugins/open_filex/ios`)
  - permission_handler_apple (from `.symlinks/plugins/permission_handler_apple/ios`)
  - SwiftTryCatch (from `https://github.com/williamFalcon/SwiftTryCatch.git`)

EXTERNAL SOURCES:
  Flutter:
    :path: Flutter
  flutter_dynamic_icon_plus:
    :path: ".symlinks/plugins/flutter_dynamic_icon_plus/ios"
  flutter_foreground_task:
    :path: ".symlinks/plugins/flutter_foreground_task/ios"
  flutter_secure_storage:
    :path: ".symlinks/plugins/flutter_secure_storage/ios"
  open_filex:
    :path: ".symlinks/plugins/open_filex/ios"
  permission_handler_apple:
    :path: ".symlinks/plugins/permission_handler_apple/ios"
  SwiftTryCatch:
    :git: https://github.com/williamFalcon/SwiftTryCatch.git

CHECKOUT OPTIONS:
  SwiftTryCatch:
    :commit: b71cceb82ebc64093556e5303c8f94adda48a7e7
    :git: https://github.com/williamFalcon/SwiftTryCatch.git

SPEC CHECKSUMS:
  Flutter: cabc95a1d2626b1b06e7179b784ebcf0c0cde467
  flutter_dynamic_icon_plus: a7c81df360708aa1c9538f89cd96958fdda608ea
  flutter_foreground_task: a159d2c2173b33699ddb3e6c2a067045d7cebb89
  flutter_secure_storage: 1ed9476fba7e7a782b22888f956cce43e2c62f13
  open_filex: 432f3cd11432da3e39f47fcc0df2b1603854eff1
  permission_handler_apple: 4ed2196e43d0651e8ff7ca3483a069d469701f2d
  SwiftTryCatch: 778ec7251f490ecbdc595ba32e245e5fcb8ea5f6

PODFILE CHECKSUM: 9cc67649d7ab19f81dd425ff7954d95576a5907a

COCOAPODS: 1.16.2
